
Microsoft Visual Studio Solution File, Format Version 12.00
# Visual Studio Version 17
VisualStudioVersion = 17.8.34511.84
MinimumVisualStudioVersion = 10.0.40219.1
Project("{FAE04EC0-301F-11D3-BF4B-00C04F79EFBC}") = "Object_Oriented_Programming", "Object_Oriented_Programming\Object_Oriented_Programming.csproj", "{AA6B78B3-100A-41A5-84D2-1C8DA4704A10}"
EndProject
Global
	GlobalSection(SolutionConfigurationPlatforms) = preSolution
		Debug|Any CPU = Debug|Any CPU
		Release|Any CPU = Release|Any CPU
	EndGlobalSection
	GlobalSection(ProjectConfigurationPlatforms) = postSolution
		{AA6B78B3-100A-41A5-84D2-1C8DA4704A10}.Debug|Any CPU.ActiveCfg = Debug|Any CPU
		{AA6B78B3-100A-41A5-84D2-1C8DA4704A10}.Debug|Any CPU.Build.0 = Debug|Any CPU
		{AA6B78B3-100A-41A5-84D2-1C8DA4704A10}.Release|Any CPU.ActiveCfg = Release|Any CPU
		{AA6B78B3-100A-41A5-84D2-1C8DA4704A10}.Release|Any CPU.Build.0 = Release|Any CPU
	EndGlobalSection
	GlobalSection(SolutionProperties) = preSolution
		HideSolutionNode = FALSE
	EndGlobalSection
	GlobalSection(ExtensibilityGlobals) = postSolution
		SolutionGuid = {875F4F58-E2BD-4CC5-B6D7-7E798CA3BAE9}
	EndGlobalSection
EndGlobal
